
Microsoft Visual Studio Solution File, Format Version 11.00
# Visual C++ Express 2010
Project("{8BC9CEB8-8B4A-11D0-8D11-00A0C91BC942}") = "plasmacore-vm", "plasmacore-vm\plasmacore-vm.vcxproj", "{F36A0E47-EC16-4C2E-95B1-964AFA1F87B7}"
EndProject
Project("{8BC9CEB8-8B4A-11D0-8D11-00A0C91BC942}") = "plasmacore-xc", "plasmacore-xc\plasmacore-xc.vcxproj", "{AFE4D894-2EB7-403E-B288-B3CC7431AD5B}"
EndProject
Global
	GlobalSection(SolutionConfigurationPlatforms) = preSolution
		Debug|Win32 = Debug|Win32
		Release|Win32 = Release|Win32
	EndGlobalSection
	GlobalSection(ProjectConfigurationPlatforms) = postSolution
		{F36A0E47-EC16-4C2E-95B1-964AFA1F87B7}.Debug|Win32.ActiveCfg = Debug|Win32
		{F36A0E47-EC16-4C2E-95B1-964AFA1F87B7}.Debug|Win32.Build.0 = Debug|Win32
		{F36A0E47-EC16-4C2E-95B1-964AFA1F87B7}.Release|Win32.ActiveCfg = Release|Win32
		{F36A0E47-EC16-4C2E-95B1-964AFA1F87B7}.Release|Win32.Build.0 = Release|Win32
		{AFE4D894-2EB7-403E-B288-B3CC7431AD5B}.Debug|Win32.ActiveCfg = Debug|Win32
		{AFE4D894-2EB7-403E-B288-B3CC7431AD5B}.Debug|Win32.Build.0 = Debug|Win32
		{AFE4D894-2EB7-403E-B288-B3CC7431AD5B}.Release|Win32.ActiveCfg = Release|Win32
		{AFE4D894-2EB7-403E-B288-B3CC7431AD5B}.Release|Win32.Build.0 = Release|Win32
	EndGlobalSection
	GlobalSection(SolutionProperties) = preSolution
		HideSolutionNode = FALSE
	EndGlobalSection
EndGlobal
